// !$*UTF8*$!
{
	archiveVersion = 1;
	classes = {
	};
	objectVersion = 50;
	objects = {

/* Begin PBXBuildFile section */
		296B41D33BE059DCD6CFF5FA /* Pods_Alarm_Clock_Manager.framework in Frameworks */ = {isa = PBXBuildFile; fileRef = B430FA5A3E4C770D8F058C31 /* Pods_Alarm_Clock_Manager.framework */; };
		BF8A040F21CA1A23001EAE01 /* AppDelegate.swift in Sources */ = {isa = PBXBuildFile; fileRef = BF8A040E21CA1A23001EAE01 /* AppDelegate.swift */; };
		BF8A041121CA1A23001EAE01 /* ViewController.swift in Sources */ = {isa = PBXBuildFile; fileRef = BF8A041021CA1A23001EAE01 /* ViewController.swift */; };
		BF8A041421CA1A23001EAE01 /* Main.storyboard in Resources */ = {isa = PBXBuildFile; fileRef = BF8A041221CA1A23001EAE01 /* Main.storyboard */; };
		BF8A041621CA1A23001EAE01 /* Assets.xcassets in Resources */ = {isa = PBXBuildFile; fileRef = BF8A041521CA1A23001EAE01 /* Assets.xcassets */; };
		BF8A041921CA1A23001EAE01 /* LaunchScreen.storyboard in Resources */ = {isa = PBXBuildFile; fileRef = BF8A041721CA1A23001EAE01 /* LaunchScreen.storyboard */; };
/* End PBXBuildFile section */

/* Begin PBXFileReference section */
		6255E32F4F987E64725A131C /* Pods-Alarm Clock Manager.release.xcconfig */ = {isa = PBXFileReference; includeInIndex = 1; lastKnownFileType = text.xcconfig; name = "Pods-Alarm Clock Manager.release.xcconfig"; path = "Pods/Target Support Files/Pods-Alarm Clock Manager/Pods-Alarm Clock Manager.release.xcconfig"; sourceTree = "<group>"; };
		B430FA5A3E4C770D8F058C31 /* Pods_Alarm_Clock_Manager.framework */ = {isa = PBXFileReference; explicitFileType = wrapper.framework; includeInIndex = 0; path = Pods_Alarm_Clock_Manager.framework; sourceTree = BUILT_PRODUCTS_DIR; };
		BF8A040B21CA1A23001EAE01 /* Alarm Clock Manager.app */ = {isa = PBXFileReference; explicitFileType = wrapper.application; includeInIndex = 0; path = "Alarm Clock Manager.app"; sourceTree = BUILT_PRODUCTS_DIR; };
		BF8A040E21CA1A23001EAE01 /* AppDelegate.swift */ = {isa = PBXFileReference; lastKnownFileType = sourcecode.swift; path = AppDelegate.swift; sourceTree = "<group>"; };
		BF8A041021CA1A23001EAE01 /* ViewController.swift */ = {isa = PBXFileReference; lastKnownFileType = sourcecode.swift; path = ViewController.swift; sourceTree = "<group>"; };
		BF8A041321CA1A23001EAE01 /* Base */ = {isa = PBXFileReference; lastKnownFileType = file.storyboard; name = Base; path = Base.lproj/Main.storyboard; sourceTree = "<group>"; };
		BF8A041521CA1A23001EAE01 /* Assets.xcassets */ = {isa = PBXFileReference; lastKnownFileType = folder.assetcatalog; path = Assets.xcassets; sourceTree = "<group>"; };
		BF8A041821CA1A23001EAE01 /* Base */ = {isa = PBXFileReference; lastKnownFileType = file.storyboard; name = Base; path = Base.lproj/LaunchScreen.storyboard; sourceTree = "<group>"; };
		BF8A041A21CA1A23001EAE01 /* Info.plist */ = {isa = PBXFileReference; lastKnownFileType = text.plist.xml; path = Info.plist; sourceTree = "<group>"; };
		CC8D82BBE067BD19D69689CF /* Pods-Alarm Clock Manager.debug.xcconfig */ = {isa = PBXFileReference; includeInIndex = 1; lastKnownFileType = text.xcconfig; name = "Pods-Alarm Clock Manager.debug.xcconfig"; path = "Pods/Target Support Files/Pods-Alarm Clock Manager/Pods-Alarm Clock Manager.debug.xcconfig"; sourceTree = "<group>"; };
/* End PBXFileReference section */

/* Begin PBXFrameworksBuildPhase section */
		BF8A040821CA1A23001EAE01 /* Frameworks */ = {
			isa = PBXFrameworksBuildPhase;
			buildActionMask = 2147483647;
			files = (
				296B41D33BE059DCD6CFF5FA /* Pods_Alarm_Clock_Manager.framework in Frameworks */,
			);
			runOnlyForDeploymentPostprocessing = 0;
		};
/* End PBXFrameworksBuildPhase section */

/* Begin PBXGroup section */
		4124A289A6013D7A1206BB47 /* Pods */ = {
			isa = PBXGroup;
			children = (
				CC8D82BBE067BD19D69689CF /* Pods-Alarm Clock Manager.debug.xcconfig */,
				6255E32F4F987E64725A131C /* Pods-Alarm Clock Manager.release.xcconfig */,
			);
			name = Pods;
			sourceTree = "<group>";
		};
		BF8A040221CA1A23001EAE01 = {
			isa = PBXGroup;
			children = (
				BF8A040D21CA1A23001EAE01 /* Alarm Clock Manager */,
				BF8A040C21CA1A23001EAE01 /* Products */,
				4124A289A6013D7A1206BB47 /* Pods */,
				C70247486EA2DBF20B59994B /* Frameworks */,
			);
			sourceTree = "<group>";
		};
		BF8A040C21CA1A23001EAE01 /* Products */ = {
			isa = PBXGroup;
			children = (
				BF8A040B21CA1A23001EAE01 /* Alarm Clock Manager.app */,
			);
			name = Products;
			sourceTree = "<group>";
		};
		BF8A040D21CA1A23001EAE01 /* Alarm Clock Manager */ = {
			isa = PBXGroup;
			children = (
				BF8A040E21CA1A23001EAE01 /* AppDelegate.swift */,
				BF8A041021CA1A23001EAE01 /* ViewController.swift */,
				BF8A041221CA1A23001EAE01 /* Main.storyboard */,
				BF8A041521CA1A23001EAE01 /* Assets.xcassets */,
				BF8A041721CA1A23001EAE01 /* LaunchScreen.storyboard */,
				BF8A041A21CA1A23001EAE01 /* Info.plist */,
			);
			path = "Alarm Clock Manager";
			sourceTree = "<group>";
		};
		C70247486EA2DBF20B59994B /* Frameworks */ = {
			isa = PBXGroup;
			children = (
				B430FA5A3E4C770D8F058C31 /* Pods_Alarm_Clock_Manager.framework */,
			);
			name = Frameworks;
			sourceTree = "<group>";
		};
/* End PBXGroup section */

/* Begin PBXNativeTarget section */
		BF8A040A21CA1A23001EAE01 /* Alarm Clock Manager */ = {
			isa = PBXNativeTarget;
			buildConfigurationList = BF8A041D21CA1A23001EAE01 /* Build configuration list for PBXNativeTarget "Alarm Clock Manager" */;
			buildPhases = (
				FE0670CB357C1F9936705B9B /* [CP] Check Pods Manifest.lock */,
				BF8A040721CA1A23001EAE01 /* Sources */,
				BF8A040821CA1A23001EAE01 /* Frameworks */,
				BF8A040921CA1A23001EAE01 /* Resources */,
				C3136AAADBBC74598700A351 /* [CP] Embed Pods Frameworks */,
				8C1450FB31DE91AD4476E484 /* [CP] Copy Pods Resources */,
			);
			buildRules = (
			);
			dependencies = (
			);
			name = "Alarm Clock Manager";
			productName = "Alarm Clock Manager";
			productReference = BF8A040B21CA1A23001EAE01 /* Alarm Clock Manager.app */;
			productType = "com.apple.product-type.application";
		};
/* End PBXNativeTarget section */

/* Begin PBXProject section */
		BF8A040321CA1A23001EAE01 /* Project object */ = {
			isa = PBXProject;
			attributes = {
				LastSwiftUpdateCheck = 1010;
				LastUpgradeCheck = 1010;
				ORGANIZATIONNAME = "Kyle Nakamura";
				TargetAttributes = {
					BF8A040A21CA1A23001EAE01 = {
						CreatedOnToolsVersion = 10.1;
					};
				};
			};
			buildConfigurationList = BF8A040621CA1A23001EAE01 /* Build configuration list for PBXProject "Alarm Clock Manager" */;
			compatibilityVersion = "Xcode 9.3";
			developmentRegion = en;
			hasScannedForEncodings = 0;
			knownRegions = (
				en,
				Base,
			);
			mainGroup = BF8A040221CA1A23001EAE01;
			productRefGroup = BF8A040C21CA1A23001EAE01 /* Products */;
			projectDirPath = "";
			projectRoot = "";
			targets = (
				BF8A040A21CA1A23001EAE01 /* Alarm Clock Manager */,
			);
		};
/* End PBXProject section */

/* Begin PBXResourcesBuildPhase section */
		BF8A040921CA1A23001EAE01 /* Resources */ = {
			isa = PBXResourcesBuildPhase;
			buildActionMask = 2147483647;
			files = (
				BF8A041921CA1A23001EAE01 /* LaunchScreen.storyboard in Resources */,
				BF8A041621CA1A23001EAE01 /* Assets.xcassets in Resources */,
				BF8A041421CA1A23001EAE01 /* Main.storyboard in Resources */,
			);
			runOnlyForDeploymentPostprocessing = 0;
		};
/* End PBXResourcesBuildPhase section */

/* Begin PBXShellScriptBuildPhase section */
		8C1450FB31DE91AD4476E484 /* [CP] Copy Pods Resources */ = {
			isa = PBXShellScriptBuildPhase;
			buildActionMask = 2147483647;
			files = (
			);
			inputPaths = (
				"${PODS_ROOT}/Target Support Files/Pods-Alarm Clock Manager/Pods-Alarm Clock Manager-resources.sh",
				"${PODS_CONFIGURATION_BUILD_DIR}/FirebaseFirestore/gRPCCertificates-Firestore.bundle",
			);
			name = "[CP] Copy Pods Resources";
			outputPaths = (
				"${TARGET_BUILD_DIR}/${UNLOCALIZED_RESOURCES_FOLDER_PATH}/gRPCCertificates-Firestore.bundle",
			);
			runOnlyForDeploymentPostprocessing = 0;
			shellPath = /bin/sh;
			shellScript = "\"${PODS_ROOT}/Target Support Files/Pods-Alarm Clock Manager/Pods-Alarm Clock Manager-resources.sh\"\n";
			showEnvVarsInLog = 0;
		};
		C3136AAADBBC74598700A351 /* [CP] Embed Pods Frameworks */ = {
			isa = PBXShellScriptBuildPhase;
			buildActionMask = 2147483647;
			files = (
			);
			inputPaths = (
				"${PODS_ROOT}/Target Support Files/Pods-Alarm Clock Manager/Pods-Alarm Clock Manager-frameworks.sh",
				"${BUILT_PRODUCTS_DIR}/BoringSSL/openssl.framework",
				"${BUILT_PRODUCTS_DIR}/GTMSessionFetcher/GTMSessionFetcher.framework",
				"${BUILT_PRODUCTS_DIR}/GoogleUtilities/GoogleUtilities.framework",
				"${BUILT_PRODUCTS_DIR}/Protobuf/Protobuf.framework",
				"${BUILT_PRODUCTS_DIR}/gRPC-C++/grpcpp.framework",
				"${BUILT_PRODUCTS_DIR}/gRPC-Core/grpc.framework",
				"${BUILT_PRODUCTS_DIR}/leveldb-library/leveldb.framework",
				"${BUILT_PRODUCTS_DIR}/nanopb/nanopb.framework",
			);
			name = "[CP] Embed Pods Frameworks";
			outputPaths = (
				"${TARGET_BUILD_DIR}/${FRAMEWORKS_FOLDER_PATH}/openssl.framework",
				"${TARGET_BUILD_DIR}/${FRAMEWORKS_FOLDER_PATH}/GTMSessionFetcher.framework",
				"${TARGET_BUILD_DIR}/${FRAMEWORKS_FOLDER_PATH}/GoogleUtilities.framework",
				"${TARGET_BUILD_DIR}/${FRAMEWORKS_FOLDER_PATH}/Protobuf.framework",
				"${TARGET_BUILD_DIR}/${FRAMEWORKS_FOLDER_PATH}/grpcpp.framework",
				"${TARGET_BUILD_DIR}/${FRAMEWORKS_FOLDER_PATH}/grpc.framework",
				"${TARGET_BUILD_DIR}/${FRAMEWORKS_FOLDER_PATH}/leveldb.framework",
				"${TARGET_BUILD_DIR}/${FRAMEWORKS_FOLDER_PATH}/nanopb.framework",
			);
			runOnlyForDeploymentPostprocessing = 0;
			shellPath = /bin/sh;
			shellScript = "\"${PODS_ROOT}/Target Support Files/Pods-Alarm Clock Manager/Pods-Alarm Clock Manager-frameworks.sh\"\n";
			showEnvVarsInLog = 0;
		};
		FE0670CB357C1F9936705B9B /* [CP] Check Pods Manifest.lock */ = {
			isa = PBXShellScriptBuildPhase;
			buildActionMask = 2147483647;
			files = (
			);
			inputPaths = (
				"${PODS_PODFILE_DIR_PATH}/Podfile.lock",
				"${PODS_ROOT}/Manifest.lock",
			);
			name = "[CP] Check Pods Manifest.lock";
			outputPaths = (
				"$(DERIVED_FILE_DIR)/Pods-Alarm Clock Manager-checkManifestLockResult.txt",
			);
			runOnlyForDeploymentPostprocessing = 0;
			shellPath = /bin/sh;
			shellScript = "diff \"${PODS_PODFILE_DIR_PATH}/Podfile.lock\" \"${PODS_ROOT}/Manifest.lock\" > /dev/null\nif [ $? != 0 ] ; then\n    # print error to STDERR\n    echo \"error: The sandbox is not in sync with the Podfile.lock. Run 'pod install' or update your CocoaPods installation.\" >&2\n    exit 1\nfi\n# This output is used by Xcode 'outputs' to avoid re-running this script phase.\necho \"SUCCESS\" > \"${SCRIPT_OUTPUT_FILE_0}\"\n";
			showEnvVarsInLog = 0;
		};
/* End PBXShellScriptBuildPhase section */

/* Begin PBXSourcesBuildPhase section */
		BF8A040721CA1A23001EAE01 /* Sources */ = {
			isa = PBXSourcesBuildPhase;
			buildActionMask = 2147483647;
			files = (
				BF8A041121CA1A23001EAE01 /* ViewController.swift in Sources */,
				BF8A040F21CA1A23001EAE01 /* AppDelegate.swift in Sources */,
			);
			runOnlyForDeploymentPostprocessing = 0;
		};
/* End PBXSourcesBuildPhase section */

/* Begin PBXVariantGroup section */
		BF8A041221CA1A23001EAE01 /* Main.storyboard */ = {
			isa = PBXVariantGroup;
			children = (
				BF8A041321CA1A23001EAE01 /* Base */,
			);
			name = Main.storyboard;
			sourceTree = "<group>";
		};
		BF8A041721CA1A23001EAE01 /* LaunchScreen.storyboard */ = {
			isa = PBXVariantGroup;
			children = (
				BF8A041821CA1A23001EAE01 /* Base */,
			);
			name = LaunchScreen.storyboard;
			sourceTree = "<group>";
		};
/* End PBXVariantGroup section */

/* Begin XCBuildConfiguration section */
		BF8A041B21CA1A23001EAE01 /* Debug */ = {
			isa = XCBuildConfiguration;
			buildSettings = {
				ALWAYS_SEARCH_USER_PATHS = NO;
				CLANG_ANALYZER_NONNULL = YES;
				CLANG_ANALYZER_NUMBER_OBJECT_CONVERSION = YES_AGGRESSIVE;
				CLANG_CXX_LANGUAGE_STANDARD = "gnu++14";
				CLANG_CXX_LIBRARY = "libc++";
				CLANG_ENABLE_MODULES = YES;
				CLANG_ENABLE_OBJC_ARC = YES;
				CLANG_ENABLE_OBJC_WEAK = YES;
				CLANG_WARN_BLOCK_CAPTURE_AUTORELEASING = YES;
				CLANG_WARN_BOOL_CONVERSION = YES;
				CLANG_WARN_COMMA = YES;
				CLANG_WARN_CONSTANT_CONVERSION = YES;
				CLANG_WARN_DEPRECATED_OBJC_IMPLEMENTATIONS = YES;
				CLANG_WARN_DIRECT_OBJC_ISA_USAGE = YES_ERROR;
				CLANG_WARN_DOCUMENTATION_COMMENTS = YES;
				CLANG_WARN_EMPTY_BODY = YES;
				CLANG_WARN_ENUM_CONVERSION = YES;
				CLANG_WARN_INFINITE_RECURSION = YES;
				CLANG_WARN_INT_CONVERSION = YES;
				CLANG_WARN_NON_LITERAL_NULL_CONVERSION = YES;
				CLANG_WARN_OBJC_IMPLICIT_RETAIN_SELF = YES;
				CLANG_WARN_OBJC_LITERAL_CONVERSION = YES;
				CLANG_WARN_OBJC_ROOT_CLASS = YES_ERROR;
				CLANG_WARN_RANGE_LOOP_ANALYSIS = YES;
				CLANG_WARN_STRICT_PROTOTYPES = YES;
				CLANG_WARN_SUSPICIOUS_MOVE = YES;
				CLANG_WARN_UNGUARDED_AVAILABILITY = YES_AGGRESSIVE;
				CLANG_WARN_UNREACHABLE_CODE = YES;
				CLANG_WARN__DUPLICATE_METHOD_MATCH = YES;
				CODE_SIGN_IDENTITY = "iPhone Developer";
				COPY_PHASE_STRIP = NO;
				DEBUG_INFORMATION_FORMAT = dwarf;
				ENABLE_STRICT_OBJC_MSGSEND = YES;
				ENABLE_TESTABILITY = YES;
				GCC_C_LANGUAGE_STANDARD = gnu11;
				GCC_DYNAMIC_NO_PIC = NO;
				GCC_NO_COMMON_BLOCKS = YES;
				GCC_OPTIMIZATION_LEVEL = 0;
				GCC_PREPROCESSOR_DEFINITIONS = (
					"DEBUG=1",
					"$(inherited)",
				);
				GCC_WARN_64_TO_32_BIT_CONVERSION = YES;
				GCC_WARN_ABOUT_RETURN_TYPE = YES_ERROR;
				GCC_WARN_UNDECLARED_SELECTOR = YES;
				GCC_WARN_UNINITIALIZED_AUTOS = YES_AGGRESSIVE;
				GCC_WARN_UNUSED_FUNCTION = YES;
				GCC_WARN_UNUSED_VARIABLE = YES;
				IPHONEOS_DEPLOYMENT_TARGET = 12.1;
				MTL_ENABLE_DEBUG_INFO = INCLUDE_SOURCE;
				MTL_FAST_MATH = YES;
				ONLY_ACTIVE_ARCH = YES;
				SDKROOT = iphoneos;
				SWIFT_ACTIVE_COMPILATION_CONDITIONS = DEBUG;
				SWIFT_OPTIMIZATION_LEVEL = "-Onone";
			};
			name = Debug;
		};
		BF8A041C21CA1A23001EAE01 /* Release */ = {
			isa = XCBuildConfiguration;
			buildSettings = {
				ALWAYS_SEARCH_USER_PATHS = NO;
				CLANG_ANALYZER_NONNULL = YES;
				CLANG_ANALYZER_NUMBER_OBJECT_CONVERSION = YES_AGGRESSIVE;
				CLANG_CXX_LANGUAGE_STANDARD = "gnu++14";
				CLANG_CXX_LIBRARY = "libc++";
				CLANG_ENABLE_MODULES = YES;
				CLANG_ENABLE_OBJC_ARC = YES;
				CLANG_ENABLE_OBJC_WEAK = YES;
				CLANG_WARN_BLOCK_CAPTURE_AUTORELEASING = YES;
				CLANG_WARN_BOOL_CONVERSION = YES;
				CLANG_WARN_COMMA = YES;
				CLANG_WARN_CONSTANT_CONVERSION = YES;
				CLANG_WARN_DEPRECATED_OBJC_IMPLEMENTATIONS = YES;
				CLANG_WARN_DIRECT_OBJC_ISA_USAGE = YES_ERROR;
				CLANG_WARN_DOCUMENTATION_COMMENTS = YES;
				CLANG_WARN_EMPTY_BODY = YES;
				CLANG_WARN_ENUM_CONVERSION = YES;
				CLANG_WARN_INFINITE_RECURSION = YES;
				CLANG_WARN_INT_CONVERSION = YES;
				CLANG_WARN_NON_LITERAL_NULL_CONVERSION = YES;
				CLANG_WARN_OBJC_IMPLICIT_RETAIN_SELF = YES;
				CLANG_WARN_OBJC_LITERAL_CONVERSION = YES;
				CLANG_WARN_OBJC_ROOT_CLASS = YES_ERROR;
				CLANG_WARN_RANGE_LOOP_ANALYSIS = YES;
				CLANG_WARN_STRICT_PROTOTYPES = YES;
				CLANG_WARN_SUSPICIOUS_MOVE = YES;
				CLANG_WARN_UNGUARDED_AVAILABILITY = YES_AGGRESSIVE;
				CLANG_WARN_UNREACHABLE_CODE = YES;
				CLANG_WARN__DUPLICATE_METHOD_MATCH = YES;
				CODE_SIGN_IDENTITY = "iPhone Developer";
				COPY_PHASE_STRIP = NO;
				DEBUG_INFORMATION_FORMAT = "dwarf-with-dsym";
				ENABLE_NS_ASSERTIONS = NO;
				ENABLE_STRICT_OBJC_MSGSEND = YES;
				GCC_C_LANGUAGE_STANDARD = gnu11;
				GCC_NO_COMMON_BLOCKS = YES;
				GCC_WARN_64_TO_32_BIT_CONVERSION = YES;
				GCC_WARN_ABOUT_RETURN_TYPE = YES_ERROR;
				GCC_WARN_UNDECLARED_SELECTOR = YES;
				GCC_WARN_UNINITIALIZED_AUTOS = YES_AGGRESSIVE;
				GCC_WARN_UNUSED_FUNCTION = YES;
				GCC_WARN_UNUSED_VARIABLE = YES;
				IPHONEOS_DEPLOYMENT_TARGET = 12.1;
				MTL_ENABLE_DEBUG_INFO = NO;
				MTL_FAST_MATH = YES;
				SDKROOT = iphoneos;
				SWIFT_COMPILATION_MODE = wholemodule;
				SWIFT_OPTIMIZATION_LEVEL = "-O";
				VALIDATE_PRODUCT = YES;
			};
			name = Release;
		};
		BF8A041E21CA1A23001EAE01 /* Debug */ = {
			isa = XCBuildConfiguration;
			baseConfigurationReference = CC8D82BBE067BD19D69689CF /* Pods-Alarm Clock Manager.debug.xcconfig */;
			buildSettings = {
				ASSETCATALOG_COMPILER_APPICON_NAME = AppIcon;
				CODE_SIGN_STYLE = Automatic;
				DEVELOPMENT_TEAM = 7GDSF452LB;
				INFOPLIST_FILE = "Alarm Clock Manager/Info.plist";
				IPHONEOS_DEPLOYMENT_TARGET = 11.4;
				LD_RUNPATH_SEARCH_PATHS = (
					"$(inherited)",
					"@executable_path/Frameworks",
				);
				PRODUCT_BUNDLE_IDENTIFIER = "com.kylenakamura.Alarm-Clock-Manager";
				PRODUCT_NAME = "$(TARGET_NAME)";
				SWIFT_VERSION = 4.2;
				TARGETED_DEVICE_FAMILY = "1,2";
			};
			name = Debug;
		};
		BF8A041F21CA1A23001EAE01 /* Release */ = {
			isa = XCBuildConfiguration;
			baseConfigurationReference = 6255E32F4F987E64725A131C /* Pods-Alarm Clock Manager.release.xcconfig */;
			buildSettings = {
				ASSETCATALOG_COMPILER_APPICON_NAME = AppIcon;
				CODE_SIGN_STYLE = Automatic;
				DEVELOPMENT_TEAM = 7GDSF452LB;
				INFOPLIST_FILE = "Alarm Clock Manager/Info.plist";
				IPHONEOS_DEPLOYMENT_TARGET = 11.4;
				LD_RUNPATH_SEARCH_PATHS = (
					"$(inherited)",
					"@executable_path/Frameworks",
				);
				PRODUCT_BUNDLE_IDENTIFIER = "com.kylenakamura.Alarm-Clock-Manager";
				PRODUCT_NAME = "$(TARGET_NAME)";
				SWIFT_VERSION = 4.2;
				TARGETED_DEVICE_FAMILY = "1,2";
			};
			name = Release;
		};
/* End XCBuildConfiguration section */

/* Begin XCConfigurationList section */
		BF8A040621CA1A23001EAE01 /* Build configuration list for PBXProject "Alarm Clock Manager" */ = {
			isa = XCConfigurationList;
			buildConfigurations = (
				BF8A041B21CA1A23001EAE01 /* Debug */,
				BF8A041C21CA1A23001EAE01 /* Release */,
			);
			defaultConfigurationIsVisible = 0;
			defaultConfigurationName = Release;
		};
		BF8A041D21CA1A23001EAE01 /* Build configuration list for PBXNativeTarget "Alarm Clock Manager" */ = {
			isa = XCConfigurationList;
			buildConfigurations = (
				BF8A041E21CA1A23001EAE01 /* Debug */,
				BF8A041F21CA1A23001EAE01 /* Release */,
			);
			defaultConfigurationIsVisible = 0;
			defaultConfigurationName = Release;
		};
/* End XCConfigurationList section */
	};
	rootObject = BF8A040321CA1A23001EAE01 /* Project object */;
}
